
Microsoft Visual Studio Solution File, Format Version 12.00
# Visual Studio Version 16
VisualStudioVersion = 16.0.31205.134
MinimumVisualStudioVersion = 10.0.40219.1
Project("{2150E333-8FDC-42A3-9474-1A3956D46DE8}") = "Services", "Services", "{523B8EC1-70D9-4DE3-A892-CC1DE862FAC7}"
EndProject
Project("{2150E333-8FDC-42A3-9474-1A3956D46DE8}") = "WebApps", "WebApps", "{B332C348-EBAC-40DB-ADF3-2A639A5C9C25}"
EndProject
Project("{2150E333-8FDC-42A3-9474-1A3956D46DE8}") = "Cadastros", "Cadastros", "{8041D197-25A5-4C1C-8896-94FE5819A98E}"
EndProject
Project("{2150E333-8FDC-42A3-9474-1A3956D46DE8}") = "Catalogo", "Catalogo", "{FA9BD0B4-2BB3-4BD0-B521-1E187691BF45}"
EndProject
Project("{2150E333-8FDC-42A3-9474-1A3956D46DE8}") = "Core", "Core", "{BB918144-15D3-4EB4-82BF-A8BD272BDA6A}"
EndProject
Project("{2150E333-8FDC-42A3-9474-1A3956D46DE8}") = "Fiscal", "Fiscal", "{4FEE07B5-AD44-4113-87FD-59C54DB617B7}"
EndProject
Project("{2150E333-8FDC-42A3-9474-1A3956D46DE8}") = "Pagamentos", "Pagamentos", "{8290B688-09D4-49C2-AE25-6E36E6F93E32}"
EndProject
Project("{2150E333-8FDC-42A3-9474-1A3956D46DE8}") = "Vendas", "Vendas", "{CBDFBB39-5D00-42FA-AEB4-6E945A33978E}"
EndProject
Project("{9A19103F-16F7-4668-BE54-9A1E7A4F7556}") = "NerdStore.Catalogo.Domain", "src\NerdStore.Catalogo.Domain\NerdStore.Catalogo.Domain.csproj", "{5452D1E6-0087-470B-91D0-200EC41AE803}"
EndProject
Project("{9A19103F-16F7-4668-BE54-9A1E7A4F7556}") = "NerdStore.Core", "src\NerdStore.Core\NerdStore.Core.csproj", "{70B00E64-2B91-4378-962B-3F404170EF40}"
EndProject
Project("{2150E333-8FDC-42A3-9474-1A3956D46DE8}") = "Tests", "Tests", "{D4767006-D3F0-4F9B-BF7C-798ADAD1248B}"
EndProject
Project("{9A19103F-16F7-4668-BE54-9A1E7A4F7556}") = "NerdStore.Catalogo.Domain.Tests", "tests\NerdStore.Catalogo.Domain.Tests\NerdStore.Catalogo.Domain.Tests.csproj", "{A1466917-55F3-4032-82D1-EA351D693D84}"
EndProject
Project("{9A19103F-16F7-4668-BE54-9A1E7A4F7556}") = "NerdStore.Catalogo.Data", "src\NerdStore.Catalogo.Data\NerdStore.Catalogo.Data.csproj", "{4D7EE0E4-0064-42F9-8AEA-E4E372BDA35E}"
EndProject
Project("{9A19103F-16F7-4668-BE54-9A1E7A4F7556}") = "NerdStore.Catalogo.Application", "src\NerdStore.Catalogo.Application\NerdStore.Catalogo.Application.csproj", "{9ABCA10A-1C09-4FD0-97BB-2733ADBEAD2E}"
EndProject
Project("{9A19103F-16F7-4668-BE54-9A1E7A4F7556}") = "NerdStore.WebApp.MVC001", "src\NerdStore.WebApp.MVC001\NerdStore.WebApp.MVC001.csproj", "{A64E159F-BBA6-4B5D-92E2-D83CFE220E6B}"
EndProject
Project("{FAE04EC0-301F-11D3-BF4B-00C04F79EFBC}") = "NerdStore.WebApp.MVC", "src\NerdStore.WebApp.MVC\NerdStore.WebApp.MVC.csproj", "{30C15B32-577B-45A7-ABF3-B9A69F0072BD}"
EndProject
Global
	GlobalSection(SolutionConfigurationPlatforms) = preSolution
		Debug|Any CPU = Debug|Any CPU
		Release|Any CPU = Release|Any CPU
	EndGlobalSection
	GlobalSection(ProjectConfigurationPlatforms) = postSolution
		{5452D1E6-0087-470B-91D0-200EC41AE803}.Debug|Any CPU.ActiveCfg = Debug|Any CPU
		{5452D1E6-0087-470B-91D0-200EC41AE803}.Debug|Any CPU.Build.0 = Debug|Any CPU
		{5452D1E6-0087-470B-91D0-200EC41AE803}.Release|Any CPU.ActiveCfg = Release|Any CPU
		{5452D1E6-0087-470B-91D0-200EC41AE803}.Release|Any CPU.Build.0 = Release|Any CPU
		{70B00E64-2B91-4378-962B-3F404170EF40}.Debug|Any CPU.ActiveCfg = Debug|Any CPU
		{70B00E64-2B91-4378-962B-3F404170EF40}.Debug|Any CPU.Build.0 = Debug|Any CPU
		{70B00E64-2B91-4378-962B-3F404170EF40}.Release|Any CPU.ActiveCfg = Release|Any CPU
		{70B00E64-2B91-4378-962B-3F404170EF40}.Release|Any CPU.Build.0 = Release|Any CPU
		{A1466917-55F3-4032-82D1-EA351D693D84}.Debug|Any CPU.ActiveCfg = Debug|Any CPU
		{A1466917-55F3-4032-82D1-EA351D693D84}.Debug|Any CPU.Build.0 = Debug|Any CPU
		{A1466917-55F3-4032-82D1-EA351D693D84}.Release|Any CPU.ActiveCfg = Release|Any CPU
		{A1466917-55F3-4032-82D1-EA351D693D84}.Release|Any CPU.Build.0 = Release|Any CPU
		{4D7EE0E4-0064-42F9-8AEA-E4E372BDA35E}.Debug|Any CPU.ActiveCfg = Debug|Any CPU
		{4D7EE0E4-0064-42F9-8AEA-E4E372BDA35E}.Debug|Any CPU.Build.0 = Debug|Any CPU
		{4D7EE0E4-0064-42F9-8AEA-E4E372BDA35E}.Release|Any CPU.ActiveCfg = Release|Any CPU
		{4D7EE0E4-0064-42F9-8AEA-E4E372BDA35E}.Release|Any CPU.Build.0 = Release|Any CPU
		{9ABCA10A-1C09-4FD0-97BB-2733ADBEAD2E}.Debug|Any CPU.ActiveCfg = Debug|Any CPU
		{9ABCA10A-1C09-4FD0-97BB-2733ADBEAD2E}.Debug|Any CPU.Build.0 = Debug|Any CPU
		{9ABCA10A-1C09-4FD0-97BB-2733ADBEAD2E}.Release|Any CPU.ActiveCfg = Release|Any CPU
		{9ABCA10A-1C09-4FD0-97BB-2733ADBEAD2E}.Release|Any CPU.Build.0 = Release|Any CPU
		{A64E159F-BBA6-4B5D-92E2-D83CFE220E6B}.Debug|Any CPU.ActiveCfg = Debug|Any CPU
		{A64E159F-BBA6-4B5D-92E2-D83CFE220E6B}.Debug|Any CPU.Build.0 = Debug|Any CPU
		{A64E159F-BBA6-4B5D-92E2-D83CFE220E6B}.Release|Any CPU.ActiveCfg = Release|Any CPU
		{A64E159F-BBA6-4B5D-92E2-D83CFE220E6B}.Release|Any CPU.Build.0 = Release|Any CPU
		{30C15B32-577B-45A7-ABF3-B9A69F0072BD}.Debug|Any CPU.ActiveCfg = Debug|Any CPU
		{30C15B32-577B-45A7-ABF3-B9A69F0072BD}.Debug|Any CPU.Build.0 = Debug|Any CPU
		{30C15B32-577B-45A7-ABF3-B9A69F0072BD}.Release|Any CPU.ActiveCfg = Release|Any CPU
		{30C15B32-577B-45A7-ABF3-B9A69F0072BD}.Release|Any CPU.Build.0 = Release|Any CPU
	EndGlobalSection
	GlobalSection(SolutionProperties) = preSolution
		HideSolutionNode = FALSE
	EndGlobalSection
	GlobalSection(NestedProjects) = preSolution
		{8041D197-25A5-4C1C-8896-94FE5819A98E} = {523B8EC1-70D9-4DE3-A892-CC1DE862FAC7}
		{FA9BD0B4-2BB3-4BD0-B521-1E187691BF45} = {523B8EC1-70D9-4DE3-A892-CC1DE862FAC7}
		{BB918144-15D3-4EB4-82BF-A8BD272BDA6A} = {523B8EC1-70D9-4DE3-A892-CC1DE862FAC7}
		{4FEE07B5-AD44-4113-87FD-59C54DB617B7} = {523B8EC1-70D9-4DE3-A892-CC1DE862FAC7}
		{8290B688-09D4-49C2-AE25-6E36E6F93E32} = {523B8EC1-70D9-4DE3-A892-CC1DE862FAC7}
		{CBDFBB39-5D00-42FA-AEB4-6E945A33978E} = {523B8EC1-70D9-4DE3-A892-CC1DE862FAC7}
		{5452D1E6-0087-470B-91D0-200EC41AE803} = {FA9BD0B4-2BB3-4BD0-B521-1E187691BF45}
		{70B00E64-2B91-4378-962B-3F404170EF40} = {BB918144-15D3-4EB4-82BF-A8BD272BDA6A}
		{D4767006-D3F0-4F9B-BF7C-798ADAD1248B} = {FA9BD0B4-2BB3-4BD0-B521-1E187691BF45}
		{A1466917-55F3-4032-82D1-EA351D693D84} = {D4767006-D3F0-4F9B-BF7C-798ADAD1248B}
		{4D7EE0E4-0064-42F9-8AEA-E4E372BDA35E} = {FA9BD0B4-2BB3-4BD0-B521-1E187691BF45}
		{9ABCA10A-1C09-4FD0-97BB-2733ADBEAD2E} = {FA9BD0B4-2BB3-4BD0-B521-1E187691BF45}
		{A64E159F-BBA6-4B5D-92E2-D83CFE220E6B} = {B332C348-EBAC-40DB-ADF3-2A639A5C9C25}
		{30C15B32-577B-45A7-ABF3-B9A69F0072BD} = {B332C348-EBAC-40DB-ADF3-2A639A5C9C25}
	EndGlobalSection
	GlobalSection(ExtensibilityGlobals) = postSolution
		SolutionGuid = {0E7C82C1-333E-450C-810E-08FF69CF1F19}
	EndGlobalSection
EndGlobal
